// !$*UTF8*$!
{
	archiveVersion = 1;
	classes = {
	};
	objectVersion = 50;
	objects = {

/* Begin PBXBuildFile section */
		0AAA815FB43E3FA4C0A10741 /* Pods_TuyaSmartActivator_Swift.framework in Frameworks */ = {isa = PBXBuildFile; fileRef = DFE53E1EDEE2D04B9CF5EF55 /* Pods_TuyaSmartActivator_Swift.framework */; };
		37146B3F226881F00005722F /* AppDelegate.swift in Sources */ = {isa = PBXBuildFile; fileRef = 37146B3E226881F00005722F /* AppDelegate.swift */; };
		37146B41226881F00005722F /* ViewController.swift in Sources */ = {isa = PBXBuildFile; fileRef = 37146B40226881F00005722F /* ViewController.swift */; };
		37146B44226881F00005722F /* Main.storyboard in Resources */ = {isa = PBXBuildFile; fileRef = 37146B42226881F00005722F /* Main.storyboard */; };
		37146B46226881F20005722F /* Assets.xcassets in Resources */ = {isa = PBXBuildFile; fileRef = 37146B45226881F20005722F /* Assets.xcassets */; };
		37146B49226881F20005722F /* LaunchScreen.storyboard in Resources */ = {isa = PBXBuildFile; fileRef = 37146B47226881F20005722F /* LaunchScreen.storyboard */; };
/* End PBXBuildFile section */

/* Begin PBXFileReference section */
		37146B3B226881F00005722F /* TuyaSmartActivator-Swift.app */ = {isa = PBXFileReference; explicitFileType = wrapper.application; includeInIndex = 0; path = "TuyaSmartActivator-Swift.app"; sourceTree = BUILT_PRODUCTS_DIR; };
		37146B3E226881F00005722F /* AppDelegate.swift */ = {isa = PBXFileReference; lastKnownFileType = sourcecode.swift; path = AppDelegate.swift; sourceTree = "<group>"; };
		37146B40226881F00005722F /* ViewController.swift */ = {isa = PBXFileReference; lastKnownFileType = sourcecode.swift; path = ViewController.swift; sourceTree = "<group>"; };
		37146B43226881F00005722F /* Base */ = {isa = PBXFileReference; lastKnownFileType = file.storyboard; name = Base; path = Base.lproj/Main.storyboard; sourceTree = "<group>"; };
		37146B45226881F20005722F /* Assets.xcassets */ = {isa = PBXFileReference; lastKnownFileType = folder.assetcatalog; path = Assets.xcassets; sourceTree = "<group>"; };
		37146B48226881F20005722F /* Base */ = {isa = PBXFileReference; lastKnownFileType = file.storyboard; name = Base; path = Base.lproj/LaunchScreen.storyboard; sourceTree = "<group>"; };
		37146B4A226881F20005722F /* Info.plist */ = {isa = PBXFileReference; lastKnownFileType = text.plist.xml; path = Info.plist; sourceTree = "<group>"; };
		37146B50226882F10005722F /* TuyaSmartActivator-Swift-Bridging-Header.h */ = {isa = PBXFileReference; lastKnownFileType = sourcecode.c.h; path = "TuyaSmartActivator-Swift-Bridging-Header.h"; sourceTree = "<group>"; };
		B09F2A53BD027BBF30480006 /* Pods-TuyaSmartActivator-Swift.debug.xcconfig */ = {isa = PBXFileReference; includeInIndex = 1; lastKnownFileType = text.xcconfig; name = "Pods-TuyaSmartActivator-Swift.debug.xcconfig"; path = "Pods/Target Support Files/Pods-TuyaSmartActivator-Swift/Pods-TuyaSmartActivator-Swift.debug.xcconfig"; sourceTree = "<group>"; };
		DFE53E1EDEE2D04B9CF5EF55 /* Pods_TuyaSmartActivator_Swift.framework */ = {isa = PBXFileReference; explicitFileType = wrapper.framework; includeInIndex = 0; path = Pods_TuyaSmartActivator_Swift.framework; sourceTree = BUILT_PRODUCTS_DIR; };
		EB447FB1C3B4B6463271141B /* Pods-TuyaSmartActivator-Swift.release.xcconfig */ = {isa = PBXFileReference; includeInIndex = 1; lastKnownFileType = text.xcconfig; name = "Pods-TuyaSmartActivator-Swift.release.xcconfig"; path = "Pods/Target Support Files/Pods-TuyaSmartActivator-Swift/Pods-TuyaSmartActivator-Swift.release.xcconfig"; sourceTree = "<group>"; };
/* End PBXFileReference section */

/* Begin PBXFrameworksBuildPhase section */
		37146B38226881F00005722F /* Frameworks */ = {
			isa = PBXFrameworksBuildPhase;
			buildActionMask = 2147483647;
			files = (
				0AAA815FB43E3FA4C0A10741 /* Pods_TuyaSmartActivator_Swift.framework in Frameworks */,
			);
			runOnlyForDeploymentPostprocessing = 0;
		};
/* End PBXFrameworksBuildPhase section */

/* Begin PBXGroup section */
		10E8770F8CF11EFD7F6FCF98 /* Frameworks */ = {
			isa = PBXGroup;
			children = (
				DFE53E1EDEE2D04B9CF5EF55 /* Pods_TuyaSmartActivator_Swift.framework */,
			);
			name = Frameworks;
			sourceTree = "<group>";
		};
		37146B32226881F00005722F = {
			isa = PBXGroup;
			children = (
				37146B3D226881F00005722F /* TuyaSmartActivator-Swift */,
				37146B3C226881F00005722F /* Products */,
				9F938DBA25CB5EB2176694D9 /* Pods */,
				10E8770F8CF11EFD7F6FCF98 /* Frameworks */,
			);
			sourceTree = "<group>";
		};
		37146B3C226881F00005722F /* Products */ = {
			isa = PBXGroup;
			children = (
				37146B3B226881F00005722F /* TuyaSmartActivator-Swift.app */,
			);
			name = Products;
			sourceTree = "<group>";
		};
		37146B3D226881F00005722F /* TuyaSmartActivator-Swift */ = {
			isa = PBXGroup;
			children = (
				37146B3E226881F00005722F /* AppDelegate.swift */,
				37146B40226881F00005722F /* ViewController.swift */,
				37146B42226881F00005722F /* Main.storyboard */,
				37146B45226881F20005722F /* Assets.xcassets */,
				37146B47226881F20005722F /* LaunchScreen.storyboard */,
				37146B4A226881F20005722F /* Info.plist */,
				37146B50226882F10005722F /* TuyaSmartActivator-Swift-Bridging-Header.h */,
			);
			path = "TuyaSmartActivator-Swift";
			sourceTree = "<group>";
		};
		9F938DBA25CB5EB2176694D9 /* Pods */ = {
			isa = PBXGroup;
			children = (
				B09F2A53BD027BBF30480006 /* Pods-TuyaSmartActivator-Swift.debug.xcconfig */,
				EB447FB1C3B4B6463271141B /* Pods-TuyaSmartActivator-Swift.release.xcconfig */,
			);
			name = Pods;
			sourceTree = "<group>";
		};
/* End PBXGroup section */

/* Begin PBXNativeTarget section */
		37146B3A226881F00005722F /* TuyaSmartActivator-Swift */ = {
			isa = PBXNativeTarget;
			buildConfigurationList = 37146B4D226881F20005722F /* Build configuration list for PBXNativeTarget "TuyaSmartActivator-Swift" */;
			buildPhases = (
				2C04A7C8034F4BB7213E773A /* [CP] Check Pods Manifest.lock */,
				37146B37226881F00005722F /* Sources */,
				37146B38226881F00005722F /* Frameworks */,
				37146B39226881F00005722F /* Resources */,
				844CED5DECFCD9A2CADF70BC /* [CP] Embed Pods Frameworks */,
			);
			buildRules = (
			);
			dependencies = (
			);
			name = "TuyaSmartActivator-Swift";
			productName = "TuyaSmartActivator-Swift";
			productReference = 37146B3B226881F00005722F /* TuyaSmartActivator-Swift.app */;
			productType = "com.apple.product-type.application";
		};
/* End PBXNativeTarget section */

/* Begin PBXProject section */
		37146B33226881F00005722F /* Project object */ = {
			isa = PBXProject;
			attributes = {
				LastSwiftUpdateCheck = 1000;
				LastUpgradeCheck = 1000;
				ORGANIZATIONNAME = Tuya;
				TargetAttributes = {
					37146B3A226881F00005722F = {
						CreatedOnToolsVersion = 10.0;
						LastSwiftMigration = 1000;
					};
				};
			};
			buildConfigurationList = 37146B36226881F00005722F /* Build configuration list for PBXProject "TuyaSmartActivator-Swift" */;
			compatibilityVersion = "Xcode 9.3";
			developmentRegion = en;
			hasScannedForEncodings = 0;
			knownRegions = (
				en,
				Base,
			);
			mainGroup = 37146B32226881F00005722F;
			productRefGroup = 37146B3C226881F00005722F /* Products */;
			projectDirPath = "";
			projectRoot = "";
			targets = (
				37146B3A226881F00005722F /* TuyaSmartActivator-Swift */,
			);
		};
/* End PBXProject section */

/* Begin PBXResourcesBuildPhase section */
		37146B39226881F00005722F /* Resources */ = {
			isa = PBXResourcesBuildPhase;
			buildActionMask = 2147483647;
			files = (
				37146B49226881F20005722F /* LaunchScreen.storyboard in Resources */,
				37146B46226881F20005722F /* Assets.xcassets in Resources */,
				37146B44226881F00005722F /* Main.storyboard in Resources */,
			);
			runOnlyForDeploymentPostprocessing = 0;
		};
/* End PBXResourcesBuildPhase section */

/* Begin PBXShellScriptBuildPhase section */
		2C04A7C8034F4BB7213E773A /* [CP] Check Pods Manifest.lock */ = {
			isa = PBXShellScriptBuildPhase;
			buildActionMask = 2147483647;
			files = (
			);
			inputFileListPaths = (
			);
			inputPaths = (
				"${PODS_PODFILE_DIR_PATH}/Podfile.lock",
				"${PODS_ROOT}/Manifest.lock",
			);
			name = "[CP] Check Pods Manifest.lock";
			outputFileListPaths = (
			);
			outputPaths = (
				"$(DERIVED_FILE_DIR)/Pods-TuyaSmartActivator-Swift-checkManifestLockResult.txt",
			);
			runOnlyForDeploymentPostprocessing = 0;
			shellPath = /bin/sh;
			shellScript = "diff \"${PODS_PODFILE_DIR_PATH}/Podfile.lock\" \"${PODS_ROOT}/Manifest.lock\" > /dev/null\nif [ $? != 0 ] ; then\n    # print error to STDERR\n    echo \"error: The sandbox is not in sync with the Podfile.lock. Run 'pod install' or update your CocoaPods installation.\" >&2\n    exit 1\nfi\n# This output is used by Xcode 'outputs' to avoid re-running this script phase.\necho \"SUCCESS\" > \"${SCRIPT_OUTPUT_FILE_0}\"\n";
			showEnvVarsInLog = 0;
		};
		844CED5DECFCD9A2CADF70BC /* [CP] Embed Pods Frameworks */ = {
			isa = PBXShellScriptBuildPhase;
			buildActionMask = 2147483647;
			files = (
			);
			inputFileListPaths = (
			);
			inputPaths = (
				"${SRCROOT}/Pods/Target Support Files/Pods-TuyaSmartActivator-Swift/Pods-TuyaSmartActivator-Swift-frameworks.sh",
				"${BUILT_PRODUCTS_DIR}/CocoaAsyncSocket/CocoaAsyncSocket.framework",
			);
			name = "[CP] Embed Pods Frameworks";
			outputFileListPaths = (
			);
			outputPaths = (
				"${TARGET_BUILD_DIR}/${FRAMEWORKS_FOLDER_PATH}/CocoaAsyncSocket.framework",
			);
			runOnlyForDeploymentPostprocessing = 0;
			shellPath = /bin/sh;
			shellScript = "\"${SRCROOT}/Pods/Target Support Files/Pods-TuyaSmartActivator-Swift/Pods-TuyaSmartActivator-Swift-frameworks.sh\"\n";
			showEnvVarsInLog = 0;
		};
/* End PBXShellScriptBuildPhase section */

/* Begin PBXSourcesBuildPhase section */
		37146B37226881F00005722F /* Sources */ = {
			isa = PBXSourcesBuildPhase;
			buildActionMask = 2147483647;
			files = (
				37146B41226881F00005722F /* ViewController.swift in Sources */,
				37146B3F226881F00005722F /* AppDelegate.swift in Sources */,
			);
			runOnlyForDeploymentPostprocessing = 0;
		};
/* End PBXSourcesBuildPhase section */

/* Begin PBXVariantGroup section */
		37146B42226881F00005722F /* Main.storyboard */ = {
			isa = PBXVariantGroup;
			children = (
				37146B43226881F00005722F /* Base */,
			);
			name = Main.storyboard;
			sourceTree = "<group>";
		};
		37146B47226881F20005722F /* LaunchScreen.storyboard */ = {
			isa = PBXVariantGroup;
			children = (
				37146B48226881F20005722F /* Base */,
			);
			name = LaunchScreen.storyboard;
			sourceTree = "<group>";
		};
/* End PBXVariantGroup section */

/* Begin XCBuildConfiguration section */
		37146B4B226881F20005722F /* Debug */ = {
			isa = XCBuildConfiguration;
			buildSettings = {
				ALWAYS_SEARCH_USER_PATHS = NO;
				CLANG_ANALYZER_NONNULL = YES;
				CLANG_ANALYZER_NUMBER_OBJECT_CONVERSION = YES_AGGRESSIVE;
				CLANG_CXX_LANGUAGE_STANDARD = "gnu++14";
				CLANG_CXX_LIBRARY = "libc++";
				CLANG_ENABLE_MODULES = YES;
				CLANG_ENABLE_OBJC_ARC = YES;
				CLANG_ENABLE_OBJC_WEAK = YES;
				CLANG_WARN_BLOCK_CAPTURE_AUTORELEASING = YES;
				CLANG_WARN_BOOL_CONVERSION = YES;
				CLANG_WARN_COMMA = YES;
				CLANG_WARN_CONSTANT_CONVERSION = YES;
				CLANG_WARN_DEPRECATED_OBJC_IMPLEMENTATIONS = YES;
				CLANG_WARN_DIRECT_OBJC_ISA_USAGE = YES_ERROR;
				CLANG_WARN_DOCUMENTATION_COMMENTS = YES;
				CLANG_WARN_EMPTY_BODY = YES;
				CLANG_WARN_ENUM_CONVERSION = YES;
				CLANG_WARN_INFINITE_RECURSION = YES;
				CLANG_WARN_INT_CONVERSION = YES;
				CLANG_WARN_NON_LITERAL_NULL_CONVERSION = YES;
				CLANG_WARN_OBJC_IMPLICIT_RETAIN_SELF = YES;
				CLANG_WARN_OBJC_LITERAL_CONVERSION = YES;
				CLANG_WARN_OBJC_ROOT_CLASS = YES_ERROR;
				CLANG_WARN_RANGE_LOOP_ANALYSIS = YES;
				CLANG_WARN_STRICT_PROTOTYPES = YES;
				CLANG_WARN_SUSPICIOUS_MOVE = YES;
				CLANG_WARN_UNGUARDED_AVAILABILITY = YES_AGGRESSIVE;
				CLANG_WARN_UNREACHABLE_CODE = YES;
				CLANG_WARN__DUPLICATE_METHOD_MATCH = YES;
				CODE_SIGN_IDENTITY = "iPhone Developer";
				COPY_PHASE_STRIP = NO;
				DEBUG_INFORMATION_FORMAT = dwarf;
				ENABLE_STRICT_OBJC_MSGSEND = YES;
				ENABLE_TESTABILITY = YES;
				GCC_C_LANGUAGE_STANDARD = gnu11;
				GCC_DYNAMIC_NO_PIC = NO;
				GCC_NO_COMMON_BLOCKS = YES;
				GCC_OPTIMIZATION_LEVEL = 0;
				GCC_PREPROCESSOR_DEFINITIONS = (
					"DEBUG=1",
					"$(inherited)",
				);
				GCC_WARN_64_TO_32_BIT_CONVERSION = YES;
				GCC_WARN_ABOUT_RETURN_TYPE = YES_ERROR;
				GCC_WARN_UNDECLARED_SELECTOR = YES;
				GCC_WARN_UNINITIALIZED_AUTOS = YES_AGGRESSIVE;
				GCC_WARN_UNUSED_FUNCTION = YES;
				GCC_WARN_UNUSED_VARIABLE = YES;
				IPHONEOS_DEPLOYMENT_TARGET = 12.0;
				MTL_ENABLE_DEBUG_INFO = INCLUDE_SOURCE;
				MTL_FAST_MATH = YES;
				ONLY_ACTIVE_ARCH = YES;
				SDKROOT = iphoneos;
				SWIFT_ACTIVE_COMPILATION_CONDITIONS = DEBUG;
				SWIFT_OPTIMIZATION_LEVEL = "-Onone";
			};
			name = Debug;
		};
		37146B4C226881F20005722F /* Release */ = {
			isa = XCBuildConfiguration;
			buildSettings = {
				ALWAYS_SEARCH_USER_PATHS = NO;
				CLANG_ANALYZER_NONNULL = YES;
				CLANG_ANALYZER_NUMBER_OBJECT_CONVERSION = YES_AGGRESSIVE;
				CLANG_CXX_LANGUAGE_STANDARD = "gnu++14";
				CLANG_CXX_LIBRARY = "libc++";
				CLANG_ENABLE_MODULES = YES;
				CLANG_ENABLE_OBJC_ARC = YES;
				CLANG_ENABLE_OBJC_WEAK = YES;
				CLANG_WARN_BLOCK_CAPTURE_AUTORELEASING = YES;
				CLANG_WARN_BOOL_CONVERSION = YES;
				CLANG_WARN_COMMA = YES;
				CLANG_WARN_CONSTANT_CONVERSION = YES;
				CLANG_WARN_DEPRECATED_OBJC_IMPLEMENTATIONS = YES;
				CLANG_WARN_DIRECT_OBJC_ISA_USAGE = YES_ERROR;
				CLANG_WARN_DOCUMENTATION_COMMENTS = YES;
				CLANG_WARN_EMPTY_BODY = YES;
				CLANG_WARN_ENUM_CONVERSION = YES;
				CLANG_WARN_INFINITE_RECURSION = YES;
				CLANG_WARN_INT_CONVERSION = YES;
				CLANG_WARN_NON_LITERAL_NULL_CONVERSION = YES;
				CLANG_WARN_OBJC_IMPLICIT_RETAIN_SELF = YES;
				CLANG_WARN_OBJC_LITERAL_CONVERSION = YES;
				CLANG_WARN_OBJC_ROOT_CLASS = YES_ERROR;
				CLANG_WARN_RANGE_LOOP_ANALYSIS = YES;
				CLANG_WARN_STRICT_PROTOTYPES = YES;
				CLANG_WARN_SUSPICIOUS_MOVE = YES;
				CLANG_WARN_UNGUARDED_AVAILABILITY = YES_AGGRESSIVE;
				CLANG_WARN_UNREACHABLE_CODE = YES;
				CLANG_WARN__DUPLICATE_METHOD_MATCH = YES;
				CODE_SIGN_IDENTITY = "iPhone Developer";
				COPY_PHASE_STRIP = NO;
				DEBUG_INFORMATION_FORMAT = "dwarf-with-dsym";
				ENABLE_NS_ASSERTIONS = NO;
				ENABLE_STRICT_OBJC_MSGSEND = YES;
				GCC_C_LANGUAGE_STANDARD = gnu11;
				GCC_NO_COMMON_BLOCKS = YES;
				GCC_WARN_64_TO_32_BIT_CONVERSION = YES;
				GCC_WARN_ABOUT_RETURN_TYPE = YES_ERROR;
				GCC_WARN_UNDECLARED_SELECTOR = YES;
				GCC_WARN_UNINITIALIZED_AUTOS = YES_AGGRESSIVE;
				GCC_WARN_UNUSED_FUNCTION = YES;
				GCC_WARN_UNUSED_VARIABLE = YES;
				IPHONEOS_DEPLOYMENT_TARGET = 12.0;
				MTL_ENABLE_DEBUG_INFO = NO;
				MTL_FAST_MATH = YES;
				SDKROOT = iphoneos;
				SWIFT_COMPILATION_MODE = wholemodule;
				SWIFT_OPTIMIZATION_LEVEL = "-O";
				VALIDATE_PRODUCT = YES;
			};
			name = Release;
		};
		37146B4E226881F20005722F /* Debug */ = {
			isa = XCBuildConfiguration;
			baseConfigurationReference = B09F2A53BD027BBF30480006 /* Pods-TuyaSmartActivator-Swift.debug.xcconfig */;
			buildSettings = {
				ALWAYS_EMBED_SWIFT_STANDARD_LIBRARIES = YES;
				ASSETCATALOG_COMPILER_APPICON_NAME = AppIcon;
				CLANG_ENABLE_MODULES = YES;
				CODE_SIGN_STYLE = Automatic;
				DEVELOPMENT_TEAM = 94JFPTRDN5;
				INFOPLIST_FILE = "TuyaSmartActivator-Swift/Info.plist";
				LD_RUNPATH_SEARCH_PATHS = (
					"$(inherited)",
					"@executable_path/Frameworks",
				);
				PRODUCT_BUNDLE_IDENTIFIER = "com.tuya.TuyaSmartActivator-Swift";
				PRODUCT_NAME = "$(TARGET_NAME)";
				SWIFT_OBJC_BRIDGING_HEADER = "TuyaSmartActivator-Swift/TuyaSmartActivator-Swift-Bridging-Header.h";
				SWIFT_OPTIMIZATION_LEVEL = "-Onone";
				SWIFT_VERSION = 4.2;
				TARGETED_DEVICE_FAMILY = "1,2";
			};
			name = Debug;
		};
		37146B4F226881F20005722F /* Release */ = {
			isa = XCBuildConfiguration;
			baseConfigurationReference = EB447FB1C3B4B6463271141B /* Pods-TuyaSmartActivator-Swift.release.xcconfig */;
			buildSettings = {
				ALWAYS_EMBED_SWIFT_STANDARD_LIBRARIES = YES;
				ASSETCATALOG_COMPILER_APPICON_NAME = AppIcon;
				CLANG_ENABLE_MODULES = YES;
				CODE_SIGN_STYLE = Automatic;
				DEVELOPMENT_TEAM = 94JFPTRDN5;
				INFOPLIST_FILE = "TuyaSmartActivator-Swift/Info.plist";
				LD_RUNPATH_SEARCH_PATHS = (
					"$(inherited)",
					"@executable_path/Frameworks",
				);
				PRODUCT_BUNDLE_IDENTIFIER = "com.tuya.TuyaSmartActivator-Swift";
				PRODUCT_NAME = "$(TARGET_NAME)";
				SWIFT_OBJC_BRIDGING_HEADER = "TuyaSmartActivator-Swift/TuyaSmartActivator-Swift-Bridging-Header.h";
				SWIFT_VERSION = 4.2;
				TARGETED_DEVICE_FAMILY = "1,2";
			};
			name = Release;
		};
/* End XCBuildConfiguration section */

/* Begin XCConfigurationList section */
		37146B36226881F00005722F /* Build configuration list for PBXProject "TuyaSmartActivator-Swift" */ = {
			isa = XCConfigurationList;
			buildConfigurations = (
				37146B4B226881F20005722F /* Debug */,
				37146B4C226881F20005722F /* Release */,
			);
			defaultConfigurationIsVisible = 0;
			defaultConfigurationName = Release;
		};
		37146B4D226881F20005722F /* Build configuration list for PBXNativeTarget "TuyaSmartActivator-Swift" */ = {
			isa = XCConfigurationList;
			buildConfigurations = (
				37146B4E226881F20005722F /* Debug */,
				37146B4F226881F20005722F /* Release */,
			);
			defaultConfigurationIsVisible = 0;
			defaultConfigurationName = Release;
		};
/* End XCConfigurationList section */
	};
	rootObject = 37146B33226881F00005722F /* Project object */;
}
